// !$*UTF8*$!
{
	archiveVersion = 1;
	classes = {
	};
	objectVersion = 56;
	objects = {

/* Begin PBXBuildFile section */
		E80D4E7829D86DF500341DDF /* VKApp.swift in Sources */ = {isa = PBXBuildFile; fileRef = E80D4E7729D86DF500341DDF /* VKApp.swift */; };
		E80D4E7A29D86DF500341DDF /* ContentView.swift in Sources */ = {isa = PBXBuildFile; fileRef = E80D4E7929D86DF500341DDF /* ContentView.swift */; };
		E80D4E7C29D86DF600341DDF /* Assets.xcassets in Resources */ = {isa = PBXBuildFile; fileRef = E80D4E7B29D86DF600341DDF /* Assets.xcassets */; };
		E80D4E7F29D86DF600341DDF /* Preview Assets.xcassets in Resources */ = {isa = PBXBuildFile; fileRef = E80D4E7E29D86DF600341DDF /* Preview Assets.xcassets */; };
		E80D4E8929D86EC100341DDF /* WebView.swift in Sources */ = {isa = PBXBuildFile; fileRef = E80D4E8829D86EC100341DDF /* WebView.swift */; };
		E80D4E8B29D87F4E00341DDF /* LoginView.swift in Sources */ = {isa = PBXBuildFile; fileRef = E80D4E8A29D87F4E00341DDF /* LoginView.swift */; };
		E80D4E8D29D87F5C00341DDF /* AppView.swift in Sources */ = {isa = PBXBuildFile; fileRef = E80D4E8C29D87F5C00341DDF /* AppView.swift */; };
		E80D4E8F29D8AB5500341DDF /* LoginViewModel.swift in Sources */ = {isa = PBXBuildFile; fileRef = E80D4E8E29D8AB5500341DDF /* LoginViewModel.swift */; };
		E80D4E9129D8B32B00341DDF /* Model.swift in Sources */ = {isa = PBXBuildFile; fileRef = E80D4E9029D8B32B00341DDF /* Model.swift */; };
		E80D4E9429D8B67100341DDF /* Alamofire in Frameworks */ = {isa = PBXBuildFile; productRef = E80D4E9329D8B67100341DDF /* Alamofire */; };
		E80D4E9629D8B68F00341DDF /* FriendsViewModel.swift in Sources */ = {isa = PBXBuildFile; fileRef = E80D4E9529D8B68F00341DDF /* FriendsViewModel.swift */; };
		E80D4E9929D8C7C700341DDF /* SDWebImageSwiftUI in Frameworks */ = {isa = PBXBuildFile; productRef = E80D4E9829D8C7C700341DDF /* SDWebImageSwiftUI */; };
/* End PBXBuildFile section */

/* Begin PBXFileReference section */
		E80D4E7429D86DF500341DDF /* VK.app */ = {isa = PBXFileReference; explicitFileType = wrapper.application; includeInIndex = 0; path = VK.app; sourceTree = BUILT_PRODUCTS_DIR; };
		E80D4E7729D86DF500341DDF /* VKApp.swift */ = {isa = PBXFileReference; lastKnownFileType = sourcecode.swift; path = VKApp.swift; sourceTree = "<group>"; };
		E80D4E7929D86DF500341DDF /* ContentView.swift */ = {isa = PBXFileReference; lastKnownFileType = sourcecode.swift; path = ContentView.swift; sourceTree = "<group>"; };
		E80D4E7B29D86DF600341DDF /* Assets.xcassets */ = {isa = PBXFileReference; lastKnownFileType = folder.assetcatalog; path = Assets.xcassets; sourceTree = "<group>"; };
		E80D4E7E29D86DF600341DDF /* Preview Assets.xcassets */ = {isa = PBXFileReference; lastKnownFileType = folder.assetcatalog; path = "Preview Assets.xcassets"; sourceTree = "<group>"; };
		E80D4E8829D86EC100341DDF /* WebView.swift */ = {isa = PBXFileReference; lastKnownFileType = sourcecode.swift; path = WebView.swift; sourceTree = "<group>"; };
		E80D4E8A29D87F4E00341DDF /* LoginView.swift */ = {isa = PBXFileReference; lastKnownFileType = sourcecode.swift; path = LoginView.swift; sourceTree = "<group>"; };
		E80D4E8C29D87F5C00341DDF /* AppView.swift */ = {isa = PBXFileReference; lastKnownFileType = sourcecode.swift; path = AppView.swift; sourceTree = "<group>"; };
		E80D4E8E29D8AB5500341DDF /* LoginViewModel.swift */ = {isa = PBXFileReference; lastKnownFileType = sourcecode.swift; path = LoginViewModel.swift; sourceTree = "<group>"; };
		E80D4E9029D8B32B00341DDF /* Model.swift */ = {isa = PBXFileReference; lastKnownFileType = sourcecode.swift; path = Model.swift; sourceTree = "<group>"; };
		E80D4E9529D8B68F00341DDF /* FriendsViewModel.swift */ = {isa = PBXFileReference; lastKnownFileType = sourcecode.swift; path = FriendsViewModel.swift; sourceTree = "<group>"; };
/* End PBXFileReference section */

/* Begin PBXFrameworksBuildPhase section */
		E80D4E7129D86DF500341DDF /* Frameworks */ = {
			isa = PBXFrameworksBuildPhase;
			buildActionMask = 2147483647;
			files = (
				E80D4E9929D8C7C700341DDF /* SDWebImageSwiftUI in Frameworks */,
				E80D4E9429D8B67100341DDF /* Alamofire in Frameworks */,
			);
			runOnlyForDeploymentPostprocessing = 0;
		};
/* End PBXFrameworksBuildPhase section */

/* Begin PBXGroup section */
		E80D4E6B29D86DF500341DDF = {
			isa = PBXGroup;
			children = (
				E80D4E7629D86DF500341DDF /* VK */,
				E80D4E7529D86DF500341DDF /* Products */,
			);
			sourceTree = "<group>";
		};
		E80D4E7529D86DF500341DDF /* Products */ = {
			isa = PBXGroup;
			children = (
				E80D4E7429D86DF500341DDF /* VK.app */,
			);
			name = Products;
			sourceTree = "<group>";
		};
		E80D4E7629D86DF500341DDF /* VK */ = {
			isa = PBXGroup;
			children = (
				E80D4E7729D86DF500341DDF /* VKApp.swift */,
				E80D4E8729D86E6E00341DDF /* ViewModel */,
				E80D4E8629D86E6600341DDF /* View */,
				E80D4E8529D86E5D00341DDF /* Model */,
				E80D4E7929D86DF500341DDF /* ContentView.swift */,
				E80D4E7B29D86DF600341DDF /* Assets.xcassets */,
				E80D4E7D29D86DF600341DDF /* Preview Content */,
			);
			path = VK;
			sourceTree = "<group>";
		};
		E80D4E7D29D86DF600341DDF /* Preview Content */ = {
			isa = PBXGroup;
			children = (
				E80D4E7E29D86DF600341DDF /* Preview Assets.xcassets */,
			);
			path = "Preview Content";
			sourceTree = "<group>";
		};
		E80D4E8529D86E5D00341DDF /* Model */ = {
			isa = PBXGroup;
			children = (
				E80D4E9029D8B32B00341DDF /* Model.swift */,
			);
			path = Model;
			sourceTree = "<group>";
		};
		E80D4E8629D86E6600341DDF /* View */ = {
			isa = PBXGroup;
			children = (
				E80D4E8A29D87F4E00341DDF /* LoginView.swift */,
				E80D4E8C29D87F5C00341DDF /* AppView.swift */,
			);
			path = View;
			sourceTree = "<group>";
		};
		E80D4E8729D86E6E00341DDF /* ViewModel */ = {
			isa = PBXGroup;
			children = (
				E80D4E8829D86EC100341DDF /* WebView.swift */,
				E80D4E8E29D8AB5500341DDF /* LoginViewModel.swift */,
				E80D4E9529D8B68F00341DDF /* FriendsViewModel.swift */,
			);
			path = ViewModel;
			sourceTree = "<group>";
		};
/* End PBXGroup section */

/* Begin PBXNativeTarget section */
		E80D4E7329D86DF500341DDF /* VK */ = {
			isa = PBXNativeTarget;
			buildConfigurationList = E80D4E8229D86DF600341DDF /* Build configuration list for PBXNativeTarget "VK" */;
			buildPhases = (
				E80D4E7029D86DF500341DDF /* Sources */,
				E80D4E7129D86DF500341DDF /* Frameworks */,
				E80D4E7229D86DF500341DDF /* Resources */,
			);
			buildRules = (
			);
			dependencies = (
			);
			name = VK;
			packageProductDependencies = (
				E80D4E9329D8B67100341DDF /* Alamofire */,
				E80D4E9829D8C7C700341DDF /* SDWebImageSwiftUI */,
			);
			productName = VK;
			productReference = E80D4E7429D86DF500341DDF /* VK.app */;
			productType = "com.apple.product-type.application";
		};
/* End PBXNativeTarget section */

/* Begin PBXProject section */
		E80D4E6C29D86DF500341DDF /* Project object */ = {
			isa = PBXProject;
			attributes = {
				BuildIndependentTargetsInParallel = 1;
				LastSwiftUpdateCheck = 1420;
				LastUpgradeCheck = 1420;
				TargetAttributes = {
					E80D4E7329D86DF500341DDF = {
						CreatedOnToolsVersion = 14.2;
					};
				};
			};
			buildConfigurationList = E80D4E6F29D86DF500341DDF /* Build configuration list for PBXProject "VK" */;
			compatibilityVersion = "Xcode 14.0";
			developmentRegion = en;
			hasScannedForEncodings = 0;
			knownRegions = (
				en,
				Base,
			);
			mainGroup = E80D4E6B29D86DF500341DDF;
			packageReferences = (
				E80D4E9229D8B67100341DDF /* XCRemoteSwiftPackageReference "Alamofire" */,
				E80D4E9729D8C7C700341DDF /* XCRemoteSwiftPackageReference "SDWebImageSwiftUI" */,
			);
			productRefGroup = E80D4E7529D86DF500341DDF /* Products */;
			projectDirPath = "";
			projectRoot = "";
			targets = (
				E80D4E7329D86DF500341DDF /* VK */,
			);
		};
/* End PBXProject section */

/* Begin PBXResourcesBuildPhase section */
		E80D4E7229D86DF500341DDF /* Resources */ = {
			isa = PBXResourcesBuildPhase;
			buildActionMask = 2147483647;
			files = (
				E80D4E7F29D86DF600341DDF /* Preview Assets.xcassets in Resources */,
				E80D4E7C29D86DF600341DDF /* Assets.xcassets in Resources */,
			);
			runOnlyForDeploymentPostprocessing = 0;
		};
/* End PBXResourcesBuildPhase section */

/* Begin PBXSourcesBuildPhase section */
		E80D4E7029D86DF500341DDF /* Sources */ = {
			isa = PBXSourcesBuildPhase;
			buildActionMask = 2147483647;
			files = (
				E80D4E9629D8B68F00341DDF /* FriendsViewModel.swift in Sources */,
				E80D4E9129D8B32B00341DDF /* Model.swift in Sources */,
				E80D4E8929D86EC100341DDF /* WebView.swift in Sources */,
				E80D4E7A29D86DF500341DDF /* ContentView.swift in Sources */,
				E80D4E8F29D8AB5500341DDF /* LoginViewModel.swift in Sources */,
				E80D4E8B29D87F4E00341DDF /* LoginView.swift in Sources */,
				E80D4E8D29D87F5C00341DDF /* AppView.swift in Sources */,
				E80D4E7829D86DF500341DDF /* VKApp.swift in Sources */,
			);
			runOnlyForDeploymentPostprocessing = 0;
		};
/* End PBXSourcesBuildPhase section */

/* Begin XCBuildConfiguration section */
		E80D4E8029D86DF600341DDF /* Debug */ = {
			isa = XCBuildConfiguration;
			buildSettings = {
				ALWAYS_SEARCH_USER_PATHS = NO;
				CLANG_ANALYZER_NONNULL = YES;
				CLANG_ANALYZER_NUMBER_OBJECT_CONVERSION = YES_AGGRESSIVE;
				CLANG_CXX_LANGUAGE_STANDARD = "gnu++20";
				CLANG_ENABLE_MODULES = YES;
				CLANG_ENABLE_OBJC_ARC = YES;
				CLANG_ENABLE_OBJC_WEAK = YES;
				CLANG_WARN_BLOCK_CAPTURE_AUTORELEASING = YES;
				CLANG_WARN_BOOL_CONVERSION = YES;
				CLANG_WARN_COMMA = YES;
				CLANG_WARN_CONSTANT_CONVERSION = YES;
				CLANG_WARN_DEPRECATED_OBJC_IMPLEMENTATIONS = YES;
				CLANG_WARN_DIRECT_OBJC_ISA_USAGE = YES_ERROR;
				CLANG_WARN_DOCUMENTATION_COMMENTS = YES;
				CLANG_WARN_EMPTY_BODY = YES;
				CLANG_WARN_ENUM_CONVERSION = YES;
				CLANG_WARN_INFINITE_RECURSION = YES;
				CLANG_WARN_INT_CONVERSION = YES;
				CLANG_WARN_NON_LITERAL_NULL_CONVERSION = YES;
				CLANG_WARN_OBJC_IMPLICIT_RETAIN_SELF = YES;
				CLANG_WARN_OBJC_LITERAL_CONVERSION = YES;
				CLANG_WARN_OBJC_ROOT_CLASS = YES_ERROR;
				CLANG_WARN_QUOTED_INCLUDE_IN_FRAMEWORK_HEADER = YES;
				CLANG_WARN_RANGE_LOOP_ANALYSIS = YES;
				CLANG_WARN_STRICT_PROTOTYPES = YES;
				CLANG_WARN_SUSPICIOUS_MOVE = YES;
				CLANG_WARN_UNGUARDED_AVAILABILITY = YES_AGGRESSIVE;
				CLANG_WARN_UNREACHABLE_CODE = YES;
				CLANG_WARN__DUPLICATE_METHOD_MATCH = YES;
				COPY_PHASE_STRIP = NO;
				DEBUG_INFORMATION_FORMAT = dwarf;
				ENABLE_STRICT_OBJC_MSGSEND = YES;
				ENABLE_TESTABILITY = YES;
				GCC_C_LANGUAGE_STANDARD = gnu11;
				GCC_DYNAMIC_NO_PIC = NO;
				GCC_NO_COMMON_BLOCKS = YES;
				GCC_OPTIMIZATION_LEVEL = 0;
				GCC_PREPROCESSOR_DEFINITIONS = (
					"DEBUG=1",
					"$(inherited)",
				);
				GCC_WARN_64_TO_32_BIT_CONVERSION = YES;
				GCC_WARN_ABOUT_RETURN_TYPE = YES_ERROR;
				GCC_WARN_UNDECLARED_SELECTOR = YES;
				GCC_WARN_UNINITIALIZED_AUTOS = YES_AGGRESSIVE;
				GCC_WARN_UNUSED_FUNCTION = YES;
				GCC_WARN_UNUSED_VARIABLE = YES;
				IPHONEOS_DEPLOYMENT_TARGET = 16.2;
				MTL_ENABLE_DEBUG_INFO = INCLUDE_SOURCE;
				MTL_FAST_MATH = YES;
				ONLY_ACTIVE_ARCH = YES;
				SDKROOT = iphoneos;
				SWIFT_ACTIVE_COMPILATION_CONDITIONS = DEBUG;
				SWIFT_OPTIMIZATION_LEVEL = "-Onone";
			};
			name = Debug;
		};
		E80D4E8129D86DF600341DDF /* Release */ = {
			isa = XCBuildConfiguration;
			buildSettings = {
				ALWAYS_SEARCH_USER_PATHS = NO;
				CLANG_ANALYZER_NONNULL = YES;
				CLANG_ANALYZER_NUMBER_OBJECT_CONVERSION = YES_AGGRESSIVE;
				CLANG_CXX_LANGUAGE_STANDARD = "gnu++20";
				CLANG_ENABLE_MODULES = YES;
				CLANG_ENABLE_OBJC_ARC = YES;
				CLANG_ENABLE_OBJC_WEAK = YES;
				CLANG_WARN_BLOCK_CAPTURE_AUTORELEASING = YES;
				CLANG_WARN_BOOL_CONVERSION = YES;
				CLANG_WARN_COMMA = YES;
				CLANG_WARN_CONSTANT_CONVERSION = YES;
				CLANG_WARN_DEPRECATED_OBJC_IMPLEMENTATIONS = YES;
				CLANG_WARN_DIRECT_OBJC_ISA_USAGE = YES_ERROR;
				CLANG_WARN_DOCUMENTATION_COMMENTS = YES;
				CLANG_WARN_EMPTY_BODY = YES;
				CLANG_WARN_ENUM_CONVERSION = YES;
				CLANG_WARN_INFINITE_RECURSION = YES;
				CLANG_WARN_INT_CONVERSION = YES;
				CLANG_WARN_NON_LITERAL_NULL_CONVERSION = YES;
				CLANG_WARN_OBJC_IMPLICIT_RETAIN_SELF = YES;
				CLANG_WARN_OBJC_LITERAL_CONVERSION = YES;
				CLANG_WARN_OBJC_ROOT_CLASS = YES_ERROR;
				CLANG_WARN_QUOTED_INCLUDE_IN_FRAMEWORK_HEADER = YES;
				CLANG_WARN_RANGE_LOOP_ANALYSIS = YES;
				CLANG_WARN_STRICT_PROTOTYPES = YES;
				CLANG_WARN_SUSPICIOUS_MOVE = YES;
				CLANG_WARN_UNGUARDED_AVAILABILITY = YES_AGGRESSIVE;
				CLANG_WARN_UNREACHABLE_CODE = YES;
				CLANG_WARN__DUPLICATE_METHOD_MATCH = YES;
				COPY_PHASE_STRIP = NO;
				DEBUG_INFORMATION_FORMAT = "dwarf-with-dsym";
				ENABLE_NS_ASSERTIONS = NO;
				ENABLE_STRICT_OBJC_MSGSEND = YES;
				GCC_C_LANGUAGE_STANDARD = gnu11;
				GCC_NO_COMMON_BLOCKS = YES;
				GCC_WARN_64_TO_32_BIT_CONVERSION = YES;
				GCC_WARN_ABOUT_RETURN_TYPE = YES_ERROR;
				GCC_WARN_UNDECLARED_SELECTOR = YES;
				GCC_WARN_UNINITIALIZED_AUTOS = YES_AGGRESSIVE;
				GCC_WARN_UNUSED_FUNCTION = YES;
				GCC_WARN_UNUSED_VARIABLE = YES;
				IPHONEOS_DEPLOYMENT_TARGET = 16.2;
				MTL_ENABLE_DEBUG_INFO = NO;
				MTL_FAST_MATH = YES;
				SDKROOT = iphoneos;
				SWIFT_COMPILATION_MODE = wholemodule;
				SWIFT_OPTIMIZATION_LEVEL = "-O";
				VALIDATE_PRODUCT = YES;
			};
			name = Release;
		};
		E80D4E8329D86DF600341DDF /* Debug */ = {
			isa = XCBuildConfiguration;
			buildSettings = {
				ASSETCATALOG_COMPILER_APPICON_NAME = AppIcon;
				ASSETCATALOG_COMPILER_GLOBAL_ACCENT_COLOR_NAME = AccentColor;
				CODE_SIGN_STYLE = Automatic;
				CURRENT_PROJECT_VERSION = 1;
				DEVELOPMENT_ASSET_PATHS = "\"VK/Preview Content\"";
				DEVELOPMENT_TEAM = 38TNT4WJ7K;
				ENABLE_PREVIEWS = YES;
				GENERATE_INFOPLIST_FILE = YES;
				INFOPLIST_KEY_UIApplicationSceneManifest_Generation = YES;
				INFOPLIST_KEY_UIApplicationSupportsIndirectInputEvents = YES;
				INFOPLIST_KEY_UILaunchScreen_Generation = YES;
				INFOPLIST_KEY_UISupportedInterfaceOrientations_iPad = "UIInterfaceOrientationPortrait UIInterfaceOrientationPortraitUpsideDown UIInterfaceOrientationLandscapeLeft UIInterfaceOrientationLandscapeRight";
				INFOPLIST_KEY_UISupportedInterfaceOrientations_iPhone = "UIInterfaceOrientationPortrait UIInterfaceOrientationLandscapeLeft UIInterfaceOrientationLandscapeRight";
				LD_RUNPATH_SEARCH_PATHS = (
					"$(inherited)",
					"@executable_path/Frameworks",
				);
				MARKETING_VERSION = 1.0;
				PRODUCT_BUNDLE_IDENTIFIER = marinapolyakova.VK;
				PRODUCT_NAME = "$(TARGET_NAME)";
				SWIFT_EMIT_LOC_STRINGS = YES;
				SWIFT_VERSION = 5.0;
				TARGETED_DEVICE_FAMILY = "1,2";
			};
			name = Debug;
		};
		E80D4E8429D86DF600341DDF /* Release */ = {
			isa = XCBuildConfiguration;
			buildSettings = {
				ASSETCATALOG_COMPILER_APPICON_NAME = AppIcon;
				ASSETCATALOG_COMPILER_GLOBAL_ACCENT_COLOR_NAME = AccentColor;
				CODE_SIGN_STYLE = Automatic;
				CURRENT_PROJECT_VERSION = 1;
				DEVELOPMENT_ASSET_PATHS = "\"VK/Preview Content\"";
				DEVELOPMENT_TEAM = 38TNT4WJ7K;
				ENABLE_PREVIEWS = YES;
				GENERATE_INFOPLIST_FILE = YES;
				INFOPLIST_KEY_UIApplicationSceneManifest_Generation = YES;
				INFOPLIST_KEY_UIApplicationSupportsIndirectInputEvents = YES;
				INFOPLIST_KEY_UILaunchScreen_Generation = YES;
				INFOPLIST_KEY_UISupportedInterfaceOrientations_iPad = "UIInterfaceOrientationPortrait UIInterfaceOrientationPortraitUpsideDown UIInterfaceOrientationLandscapeLeft UIInterfaceOrientationLandscapeRight";
				INFOPLIST_KEY_UISupportedInterfaceOrientations_iPhone = "UIInterfaceOrientationPortrait UIInterfaceOrientationLandscapeLeft UIInterfaceOrientationLandscapeRight";
				LD_RUNPATH_SEARCH_PATHS = (
					"$(inherited)",
					"@executable_path/Frameworks",
				);
				MARKETING_VERSION = 1.0;
				PRODUCT_BUNDLE_IDENTIFIER = marinapolyakova.VK;
				PRODUCT_NAME = "$(TARGET_NAME)";
				SWIFT_EMIT_LOC_STRINGS = YES;
				SWIFT_VERSION = 5.0;
				TARGETED_DEVICE_FAMILY = "1,2";
			};
			name = Release;
		};
/* End XCBuildConfiguration section */

/* Begin XCConfigurationList section */
		E80D4E6F29D86DF500341DDF /* Build configuration list for PBXProject "VK" */ = {
			isa = XCConfigurationList;
			buildConfigurations = (
				E80D4E8029D86DF600341DDF /* Debug */,
				E80D4E8129D86DF600341DDF /* Release */,
			);
			defaultConfigurationIsVisible = 0;
			defaultConfigurationName = Release;
		};
		E80D4E8229D86DF600341DDF /* Build configuration list for PBXNativeTarget "VK" */ = {
			isa = XCConfigurationList;
			buildConfigurations = (
				E80D4E8329D86DF600341DDF /* Debug */,
				E80D4E8429D86DF600341DDF /* Release */,
			);
			defaultConfigurationIsVisible = 0;
			defaultConfigurationName = Release;
		};
/* End XCConfigurationList section */

/* Begin XCRemoteSwiftPackageReference section */
		E80D4E9229D8B67100341DDF /* XCRemoteSwiftPackageReference "Alamofire" */ = {
			isa = XCRemoteSwiftPackageReference;
			repositoryURL = "https://github.com/Alamofire/Alamofire";
			requirement = {
				branch = master;
				kind = branch;
			};
		};
		E80D4E9729D8C7C700341DDF /* XCRemoteSwiftPackageReference "SDWebImageSwiftUI" */ = {
			isa = XCRemoteSwiftPackageReference;
			repositoryURL = "https://github.com/SDWebImage/SDWebImageSwiftUI";
			requirement = {
				kind = upToNextMajorVersion;
				minimumVersion = 2.0.0;
			};
		};
/* End XCRemoteSwiftPackageReference section */

/* Begin XCSwiftPackageProductDependency section */
		E80D4E9329D8B67100341DDF /* Alamofire */ = {
			isa = XCSwiftPackageProductDependency;
			package = E80D4E9229D8B67100341DDF /* XCRemoteSwiftPackageReference "Alamofire" */;
			productName = Alamofire;
		};
		E80D4E9829D8C7C700341DDF /* SDWebImageSwiftUI */ = {
			isa = XCSwiftPackageProductDependency;
			package = E80D4E9729D8C7C700341DDF /* XCRemoteSwiftPackageReference "SDWebImageSwiftUI" */;
			productName = SDWebImageSwiftUI;
		};
/* End XCSwiftPackageProductDependency section */
	};
	rootObject = E80D4E6C29D86DF500341DDF /* Project object */;
}
